// !$*UTF8*$!
{
	archiveVersion = 1;
	classes = {
	};
	objectVersion = 90;
	objects = {

/* Begin PBXBuildFile section */
		007EA9652E07157200002170 /* WidgetsExtension.appex in Embed Foundation Extensions */ = {isa = PBXBuildFile; fileRef = 007EA9642E0714FA00002170 /* WidgetsExtension.appex */; settings = {ATTRIBUTES = (RemoveHeadersOnCopy, ); }; };
		007EB16D2E074B3800002170 /* HealthVaultsShared in Frameworks */ = {isa = PBXBuildFile; productRef = 007EB16C2E074B3800002170 /* HealthVaultsShared */; };
		007EB1712E074B4600002170 /* HealthVaultsShared in Frameworks */ = {isa = PBXBuildFile; productRef = 007EB1702E074B4600002170 /* HealthVaultsShared */; };
		00F4455D2E0633F0006965F0 /* WidgetKit.framework in Frameworks */ = {isa = PBXBuildFile; fileRef = 00F4455C2E0633F0006965F0 /* WidgetKit.framework */; };
		00F4455F2E0633F0006965F0 /* SwiftUI.framework in Frameworks */ = {isa = PBXBuildFile; fileRef = 00F4455E2E0633F0006965F0 /* SwiftUI.framework */; };
/* End PBXBuildFile section */

/* Begin PBXContainerItemProxy section */
		00F4456C2E0633F1006965F0 /* PBXContainerItemProxy */ = {
			isa = PBXContainerItemProxy;
			containerPortal = B8E4B4E8F12D5C40114FEED0 /* Project object */;
			proxyType = 1;
			remoteGlobalIDString = 00F445592E0633F0006965F0;
			remoteInfo = WidgetsExtension;
		};
/* End PBXContainerItemProxy section */

/* Begin PBXCopyFilesBuildPhase section */
		00F445732E0633F1006965F0 /* Embed Foundation Extensions */ = {
			isa = PBXCopyFilesBuildPhase;
			dstPath = "";
			dstSubfolder = PlugIns;
			files = (
				007EA9652E07157200002170 /* WidgetsExtension.appex in Embed Foundation Extensions */,
			);
			name = "Embed Foundation Extensions";
		};
/* End PBXCopyFilesBuildPhase section */

/* Begin PBXFileReference section */
		007EA9622E0714FA00002170 /* HealthVaults.app */ = {isa = PBXFileReference; explicitFileType = wrapper.application; includeInIndex = 0; path = HealthVaults.app; sourceTree = BUILT_PRODUCTS_DIR; };
		007EA9642E0714FA00002170 /* WidgetsExtension.appex */ = {isa = PBXFileReference; explicitFileType = "wrapper.app-extension"; includeInIndex = 0; path = WidgetsExtension.appex; sourceTree = BUILT_PRODUCTS_DIR; };
		00F4455C2E0633F0006965F0 /* WidgetKit.framework */ = {isa = PBXFileReference; lastKnownFileType = wrapper.framework; name = WidgetKit.framework; path = System/Library/Frameworks/WidgetKit.framework; sourceTree = SDKROOT; };
		00F4455E2E0633F0006965F0 /* SwiftUI.framework */ = {isa = PBXFileReference; lastKnownFileType = wrapper.framework; name = SwiftUI.framework; path = System/Library/Frameworks/SwiftUI.framework; sourceTree = SDKROOT; };
		3880958F05D30BD1F8C84246 /* .gitignore */ = {isa = PBXFileReference; lastKnownFileType = text; path = .gitignore; sourceTree = "<group>"; };
/* End PBXFileReference section */

/* Begin PBXFileSystemSynchronizedBuildFileExceptionSet section */
		007EA96A2E071DF100002170 /* Exceptions for "Assets" folder in "HealthVaults" target */ = {
			isa = PBXFileSystemSynchronizedBuildFileExceptionSet;
			membershipExceptions = (
				Licenses/AppleHealth/LICENSE_BADGE.pdf,
				Licenses/AppleHealth/LICENSE_ICON.rtf,
				Licenses/Icons8/LICENSE.pdf,
				Licenses/Icons8/Requirements.png,
			);
			target = 73A6ABB94F5170F06A130A21 /* HealthVaults */;
		};
		007EA9702E071E1100002170 /* Exceptions for "Assets" folder in "WidgetsExtension" target */ = {
			isa = PBXFileSystemSynchronizedBuildFileExceptionSet;
			membershipExceptions = (
				AppIcon.icon,
				AppleHealth.xcassets,
				Colors.xcassets,
				LaunchScreen.xcassets,
				Symbols.xcassets,
			);
			target = 00F445592E0633F0006965F0 /* WidgetsExtension */;
		};
		007EAB262E073C0100002170 /* Exceptions for "Shared" folder in "WidgetsExtension" target */ = {
			isa = PBXFileSystemSynchronizedBuildFileExceptionSet;
			membershipExceptions = (
				Config.swift,
				Models/Core.swift,
				Models/DataModels/Calorie.swift,
				Models/DataModels/Weight.swift,
				Models/HealthData.swift,
				Models/Settings.swift,
				Models/Units.swift,
				Services/Analytics/BudgetService.swift,
				Services/Analytics/DataAnalyticsService.swift,
				Services/Analytics/MacroAnalyticsService.swift,
				Services/Analytics/StatisticsService.swift,
				Services/Analytics/WeightAnalyticsService.swift,
				Services/AppHealthKitObserver.swift,
				Services/AppLocale.swift,
				Services/CalorieService.swift,
				Services/CoreService.swift,
				Services/HealthData/BudgetDataService.swift,
				Services/HealthData/DataService.swift,
				Services/HealthData/HealthDataNotifications.swift,
				Services/HealthData/MacrosDataService.swift,
				Services/HealthData/Queries/CalorieQuery.swift,
				Services/HealthData/Queries/WeightQuery.swift,
				Services/HealthKit/Authentication.swift,
				Services/HealthKit/HealthKitCore.swift,
				Services/HealthKit/HealthKitObservers.swift,
				Services/HealthKit/HealthKitQueries.swift,
				Services/HealthKit/HealthKitService.swift,
				Services/HealthKit/HealthKitStatistics.swift,
				Services/HealthKit/HealthKitUnits.swift,
				Services/SettingsService.swift,
				Services/SingletonService.swift,
				Services/UnitsService.swift,
				Views/AboutView.swift,
				Views/Analytics/BudgetComponent.swift,
				Views/Analytics/DashboardCard.swift,
				Views/Analytics/MacrosComponent.swift,
				Views/Analytics/OverviewComponent.swift,
				Views/Components/DetailedRow.swift,
				Views/Components/MeasurementField.swift,
				Views/Components/ProgressRing.swift,
				Views/Components/ValueView.swift,
				Views/GoalsView.swift,
				Views/Records/Definitions/CalorieRecord.swift,
				Views/Records/Definitions/MacrosRecord.swift,
				Views/Records/Definitions/WeightRecord.swift,
				Views/Records/RecordDefinition.swift,
				Views/Records/RecordForm.swift,
				Views/Records/RecordList.swift,
				Views/Records/RecordRow.swift,
				Views/UI/Design.swift,
				Views/UI/Localization.swift,
			);
			target = 00F445592E0633F0006965F0 /* WidgetsExtension */;
		};
		007EB03C2E07490D00002170 /* Exceptions for "Shared" folder in "HealthVaults" target */ = {
			isa = PBXFileSystemSynchronizedBuildFileExceptionSet;
			membershipExceptions = (
				Config.swift,
				Models/Core.swift,
				Models/DataModels/Calorie.swift,
				Models/DataModels/Weight.swift,
				Models/HealthData.swift,
				Models/Settings.swift,
				Models/Units.swift,
				Services/Analytics/BudgetService.swift,
				Services/Analytics/DataAnalyticsService.swift,
				Services/Analytics/MacroAnalyticsService.swift,
				Services/Analytics/StatisticsService.swift,
				Services/Analytics/WeightAnalyticsService.swift,
				Services/AppHealthKitObserver.swift,
				Services/AppLocale.swift,
				Services/CalorieService.swift,
				Services/CoreService.swift,
				Services/HealthData/BudgetDataService.swift,
				Services/HealthData/DataService.swift,
				Services/HealthData/HealthDataNotifications.swift,
				Services/HealthData/MacrosDataService.swift,
				Services/HealthData/Queries/CalorieQuery.swift,
				Services/HealthData/Queries/WeightQuery.swift,
				Services/HealthKit/Authentication.swift,
				Services/HealthKit/HealthKitCore.swift,
				Services/HealthKit/HealthKitObservers.swift,
				Services/HealthKit/HealthKitQueries.swift,
				Services/HealthKit/HealthKitService.swift,
				Services/HealthKit/HealthKitStatistics.swift,
				Services/HealthKit/HealthKitUnits.swift,
				Services/SettingsService.swift,
				Services/SingletonService.swift,
				Services/UnitsService.swift,
				Views/AboutView.swift,
				Views/Analytics/BudgetComponent.swift,
				Views/Analytics/DashboardCard.swift,
				Views/Analytics/MacrosComponent.swift,
				Views/Analytics/OverviewComponent.swift,
				Views/Components/DetailedRow.swift,
				Views/Components/MeasurementField.swift,
				Views/Components/ProgressRing.swift,
				Views/Components/ValueView.swift,
				Views/GoalsView.swift,
				Views/Records/Definitions/CalorieRecord.swift,
				Views/Records/Definitions/MacrosRecord.swift,
				Views/Records/Definitions/WeightRecord.swift,
				Views/Records/RecordDefinition.swift,
				Views/Records/RecordForm.swift,
				Views/Records/RecordList.swift,
				Views/Records/RecordRow.swift,
				Views/UI/Design.swift,
				Views/UI/Localization.swift,
			);
			target = 73A6ABB94F5170F06A130A21 /* HealthVaults */;
		};
/* End PBXFileSystemSynchronizedBuildFileExceptionSet section */

/* Begin PBXFileSystemSynchronizedRootGroup section */
		007EA9DF2E0736AC00002170 /* Shared */ = {
			isa = PBXFileSystemSynchronizedRootGroup;
			exceptions = (
				007EB03C2E07490D00002170 /* Exceptions for "Shared" folder in "HealthVaults" target */,
				007EAB262E073C0100002170 /* Exceptions for "Shared" folder in "WidgetsExtension" target */,
			);
			path = Shared;
			sourceTree = "<group>";
		};
		007EAC632E0745AF00002170 /* Shared */ = {
			isa = PBXFileSystemSynchronizedRootGroup;
			path = Shared;
			sourceTree = "<group>";
		};
		00F445052E06330B006965F0 /* App */ = {
			isa = PBXFileSystemSynchronizedRootGroup;
			path = App;
			sourceTree = "<group>";
		};
		00F4453D2E06330B006965F0 /* Scripts */ = {
			isa = PBXFileSystemSynchronizedRootGroup;
			path = Scripts;
			sourceTree = "<group>";
		};
		00F4454C2E06332A006965F0 /* Assets */ = {
			isa = PBXFileSystemSynchronizedRootGroup;
			exceptions = (
				007EA96A2E071DF100002170 /* Exceptions for "Assets" folder in "HealthVaults" target */,
				007EA9702E071E1100002170 /* Exceptions for "Assets" folder in "WidgetsExtension" target */,
			);
			path = Assets;
			sourceTree = "<group>";
		};
		00F445602E0633F0006965F0 /* Widgets */ = {
			isa = PBXFileSystemSynchronizedRootGroup;
			path = Widgets;
			sourceTree = "<group>";
		};
/* End PBXFileSystemSynchronizedRootGroup section */

/* Begin PBXFrameworksBuildPhase section */
		007EAC6F2E0745AF00002170 /* Frameworks */ = {
			isa = PBXFrameworksBuildPhase;
			files = (
				007EB16D2E074B3800002170 /* HealthVaultsShared in Frameworks */,
			);
		};
		00F445572E0633F0006965F0 /* Frameworks */ = {
			isa = PBXFrameworksBuildPhase;
			files = (
				00F4455F2E0633F0006965F0 /* SwiftUI.framework in Frameworks */,
				00F4455D2E0633F0006965F0 /* WidgetKit.framework in Frameworks */,
				007EB1712E074B4600002170 /* HealthVaultsShared in Frameworks */,
			);
		};
/* End PBXFrameworksBuildPhase section */

/* Begin PBXGroup section */
		007EA9632E0714FA00002170 /* Products */ = {
			isa = PBXGroup;
			children = (
				007EA9622E0714FA00002170 /* HealthVaults.app */,
				007EA9642E0714FA00002170 /* WidgetsExtension.appex */,
			);
			name = Products;
			sourceTree = "<group>";
		};
		00F4455B2E0633F0006965F0 /* Frameworks */ = {
			isa = PBXGroup;
			children = (
				00F4455C2E0633F0006965F0 /* WidgetKit.framework */,
				00F4455E2E0633F0006965F0 /* SwiftUI.framework */,
			);
			name = Frameworks;
			sourceTree = "<group>";
		};
		B59F62ED490864E400F5EB03 = {
			isa = PBXGroup;
			children = (
				00F445052E06330B006965F0 /* App */,
				00F4454C2E06332A006965F0 /* Assets */,
				00F4453D2E06330B006965F0 /* Scripts */,
				007EA9DF2E0736AC00002170 /* Shared */,
				00F445602E0633F0006965F0 /* Widgets */,
				007EAC632E0745AF00002170 /* Shared */,
				3880958F05D30BD1F8C84246 /* .gitignore */,
				00F4455B2E0633F0006965F0 /* Frameworks */,
				007EA9632E0714FA00002170 /* Products */,
			);
			sourceTree = "<group>";
		};
/* End PBXGroup section */

/* Begin PBXNativeTarget section */
		00F445592E0633F0006965F0 /* WidgetsExtension */ = {
			isa = PBXNativeTarget;
			buildConfigurationList = 00F445702E0633F1006965F0 /* Build configuration list for PBXNativeTarget "WidgetsExtension" */;
			buildPhases = (
				00F445562E0633F0006965F0 /* Sources */,
				00F445572E0633F0006965F0 /* Frameworks */,
				00F445582E0633F0006965F0 /* Resources */,
			);
			buildRules = (
			);
			dependencies = (
				007EB16F2E074B4000002170 /* PBXTargetDependency */,
			);
			fileSystemSynchronizedGroups = (
				007EA9DF2E0736AC00002170 /* Shared */,
				00F445602E0633F0006965F0 /* Widgets */,
			);
			name = WidgetsExtension;
			packageProductDependencies = (
				007EB1702E074B4600002170 /* HealthVaultsShared */,
			);
			productName = WidgetsExtension;
			productReference = 007EA9642E0714FA00002170 /* WidgetsExtension.appex */;
			productType = "com.apple.product-type.app-extension";
		};
		73A6ABB94F5170F06A130A21 /* HealthVaults */ = {
			isa = PBXNativeTarget;
			buildConfigurationList = E64043FA51E8E4C1BD7B05E5 /* Build configuration list for PBXNativeTarget "HealthVaults" */;
			buildPhases = (
				0AE79B4981CBA30DC0C864A6 /* Sources */,
				007EAC6F2E0745AF00002170 /* Frameworks */,
				CED828E9F6D4D6B92B04EC10 /* Resources */,
				00F445732E0633F1006965F0 /* Embed Foundation Extensions */,
			);
			buildRules = (
			);
			dependencies = (
				007EB16B2E074B3300002170 /* PBXTargetDependency */,
				00F4456D2E0633F1006965F0 /* PBXTargetDependency */,
			);
			fileSystemSynchronizedGroups = (
				007EA9DF2E0736AC00002170 /* Shared */,
				00F445052E06330B006965F0 /* App */,
				00F4454C2E06332A006965F0 /* Assets */,
			);
			name = HealthVaults;
			packageProductDependencies = (
				007EB16C2E074B3800002170 /* HealthVaultsShared */,
			);
			productName = HealthVaults;
			productReference = 007EA9622E0714FA00002170 /* HealthVaults.app */;
			productType = "com.apple.product-type.application";
		};
/* End PBXNativeTarget section */

/* Begin PBXProject section */
		B8E4B4E8F12D5C40114FEED0 /* Project object */ = {
			isa = PBXProject;
			attributes = {
				BuildIndependentTargetsInParallel = YES;
				LastSwiftUpdateCheck = 2600;
				LastUpgradeCheck = 2620;
				TargetAttributes = {
					00F445592E0633F0006965F0 = {
						CreatedOnToolsVersion = 26.0;
					};
					73A6ABB94F5170F06A130A21 = {
						DevelopmentTeam = B67CHZC3GP;
					};
				};
			};
			buildConfigurationList = 5AA6211D2EF68453E1C8A500 /* Build configuration list for PBXProject "HealthVaults" */;
			developmentRegion = en;
			hasScannedForEncodings = 0;
			knownRegions = (
				Base,
				en,
			);
			mainGroup = B59F62ED490864E400F5EB03;
			minimizedProjectReferenceProxies = 1;
			packageReferences = (
				007EB1692E074B2800002170 /* XCLocalSwiftPackageReference "../health-vaults" */,
			);
			preferredProjectObjectVersion = 90;
			productRefGroup = 007EA9632E0714FA00002170 /* Products */;
			projectDirPath = "";
			projectRoot = "";
			targets = (
				73A6ABB94F5170F06A130A21 /* HealthVaults */,
				00F445592E0633F0006965F0 /* WidgetsExtension */,
			);
		};
/* End PBXProject section */

/* Begin PBXResourcesBuildPhase section */
		00F445582E0633F0006965F0 /* Resources */ = {
			isa = PBXResourcesBuildPhase;
			files = (
			);
		};
		CED828E9F6D4D6B92B04EC10 /* Resources */ = {
			isa = PBXResourcesBuildPhase;
			files = (
			);
		};
/* End PBXResourcesBuildPhase section */

/* Begin PBXSourcesBuildPhase section */
		00F445562E0633F0006965F0 /* Sources */ = {
			isa = PBXSourcesBuildPhase;
			files = (
			);
		};
		0AE79B4981CBA30DC0C864A6 /* Sources */ = {
			isa = PBXSourcesBuildPhase;
			files = (
			);
		};
/* End PBXSourcesBuildPhase section */

/* Begin PBXTargetDependency section */
		007EB16B2E074B3300002170 /* PBXTargetDependency */ = {
			isa = PBXTargetDependency;
			productRef = 007EB16A2E074B3300002170 /* HealthVaultsShared */;
		};
		007EB16F2E074B4000002170 /* PBXTargetDependency */ = {
			isa = PBXTargetDependency;
			productRef = 007EB16E2E074B4000002170 /* HealthVaultsShared */;
		};
		00F4456D2E0633F1006965F0 /* PBXTargetDependency */ = {
			isa = PBXTargetDependency;
			target = 00F445592E0633F0006965F0 /* WidgetsExtension */;
			targetProxy = 00F4456C2E0633F1006965F0 /* PBXContainerItemProxy */;
		};
/* End PBXTargetDependency section */

/* Begin XCBuildConfiguration section */
		00F445712E0633F1006965F0 /* Debug configuration for PBXNativeTarget "WidgetsExtension" */ = {
			isa = XCBuildConfiguration;
			buildSettings = {
				CODE_SIGN_ENTITLEMENTS = HealthVaults.xcodeproj/Widgets.entitlements;
				INFOPLIST_FILE = HealthVaults.xcodeproj/WidgetsInfo.plist;
				INFOPLIST_KEY_CFBundleDisplayName = "HealthVaults Widgets";
				LD_RUNPATH_SEARCH_PATHS = (
					"$(inherited)",
					"@executable_path/Frameworks",
					"@executable_path/../../Frameworks",
				);
				PRODUCT_BUNDLE_IDENTIFIER = com.MohdFareed.HealthVaults.Widgets;
				PRODUCT_NAME = "$(TARGET_NAME)";
				SKIP_INSTALL = YES;
				TARGETED_DEVICE_FAMILY = "1,2";
			};
			name = Debug;
		};
		00F445722E0633F1006965F0 /* Release configuration for PBXNativeTarget "WidgetsExtension" */ = {
			isa = XCBuildConfiguration;
			buildSettings = {
				CODE_SIGN_ENTITLEMENTS = HealthVaults.xcodeproj/Widgets.entitlements;
				INFOPLIST_FILE = HealthVaults.xcodeproj/WidgetsInfo.plist;
				INFOPLIST_KEY_CFBundleDisplayName = "HealthVaults Widgets";
				LD_RUNPATH_SEARCH_PATHS = (
					"$(inherited)",
					"@executable_path/Frameworks",
					"@executable_path/../../Frameworks",
				);
				PRODUCT_BUNDLE_IDENTIFIER = com.MohdFareed.HealthVaults.Widgets;
				PRODUCT_NAME = "$(TARGET_NAME)";
				SKIP_INSTALL = YES;
				TARGETED_DEVICE_FAMILY = "1,2";
			};
			name = Release;
		};
		4C8FA003AB13B2A364E92AF2 /* Release configuration for PBXProject "HealthVaults" */ = {
			isa = XCBuildConfiguration;
			buildSettings = {
				ALWAYS_SEARCH_USER_PATHS = NO;
				ASSETCATALOG_COMPILER_APPICON_NAME = AppIcon;
				ASSETCATALOG_COMPILER_GENERATE_SWIFT_ASSET_SYMBOL_EXTENSIONS = YES;
				ASSETCATALOG_COMPILER_GLOBAL_ACCENT_COLOR_NAME = Accent;
				ASSETCATALOG_COMPILER_INCLUDE_ALL_APPICON_ASSETS = YES;
				ASSETCATALOG_COMPILER_WIDGET_BACKGROUND_COLOR_NAME = WidgetBackground;
				CLANG_ANALYZER_NONNULL = YES;
				CLANG_ANALYZER_NUMBER_OBJECT_CONVERSION = YES_AGGRESSIVE;
				CLANG_CXX_LANGUAGE_STANDARD = "c++20";
				CLANG_ENABLE_MODULES = YES;
				CLANG_ENABLE_OBJC_ARC = YES;
				CLANG_ENABLE_OBJC_WEAK = YES;
				CLANG_WARN_BLOCK_CAPTURE_AUTORELEASING = YES;
				CLANG_WARN_BOOL_CONVERSION = YES;
				CLANG_WARN_COMMA = YES;
				CLANG_WARN_CONSTANT_CONVERSION = YES;
				CLANG_WARN_DEPRECATED_OBJC_IMPLEMENTATIONS = YES;
				CLANG_WARN_DIRECT_OBJC_ISA_USAGE = YES_ERROR;
				CLANG_WARN_DOCUMENTATION_COMMENTS = YES;
				CLANG_WARN_EMPTY_BODY = YES;
				CLANG_WARN_ENUM_CONVERSION = YES;
				CLANG_WARN_INFINITE_RECURSION = YES;
				CLANG_WARN_INT_CONVERSION = YES;
				CLANG_WARN_NON_LITERAL_NULL_CONVERSION = YES;
				CLANG_WARN_OBJC_IMPLICIT_RETAIN_SELF = YES;
				CLANG_WARN_OBJC_LITERAL_CONVERSION = YES;
				CLANG_WARN_OBJC_ROOT_CLASS = YES_ERROR;
				CLANG_WARN_QUOTED_INCLUDE_IN_FRAMEWORK_HEADER = YES;
				CLANG_WARN_RANGE_LOOP_ANALYSIS = YES;
				CLANG_WARN_STRICT_PROTOTYPES = YES;
				CLANG_WARN_SUSPICIOUS_MOVE = YES;
				CLANG_WARN_UNGUARDED_AVAILABILITY = YES_AGGRESSIVE;
				CLANG_WARN_UNREACHABLE_CODE = YES;
				CLANG_WARN__DUPLICATE_METHOD_MATCH = YES;
				COPY_PHASE_STRIP = NO;
				CURRENT_PROJECT_VERSION = 2;
				DEAD_CODE_STRIPPING = YES;
				DEVELOPMENT_TEAM = B67CHZC3GP;
				ENABLE_NS_ASSERTIONS = NO;
				ENABLE_PREVIEWS = YES;
				ENABLE_STRICT_OBJC_MSGSEND = YES;
				ENABLE_USER_SCRIPT_SANDBOXING = YES;
				GCC_C_LANGUAGE_STANDARD = gnu17;
				GCC_NO_COMMON_BLOCKS = YES;
				GCC_WARN_64_TO_32_BIT_CONVERSION = YES;
				GCC_WARN_ABOUT_RETURN_TYPE = YES_ERROR;
				GCC_WARN_UNDECLARED_SELECTOR = YES;
				GCC_WARN_UNINITIALIZED_AUTOS = YES_AGGRESSIVE;
				GCC_WARN_UNUSED_FUNCTION = YES;
				GCC_WARN_UNUSED_VARIABLE = YES;
				GENERATE_INFOPLIST_FILE = YES;
				INFOPLIST_KEY_LSApplicationCategoryType = "public.app-category.healthcare-fitness";
				IPHONEOS_DEPLOYMENT_TARGET = 26.0;
				LOCALIZATION_PREFERS_STRING_CATALOGS = YES;
				MARKETING_VERSION = 1.2;
				MTL_ENABLE_DEBUG_INFO = NO;
				MTL_FAST_MATH = YES;
				SDKROOT = iphoneos;
				STRING_CATALOG_GENERATE_SYMBOLS = YES;
				SWIFT_COMPILATION_MODE = wholemodule;
				SWIFT_EMIT_LOC_STRINGS = YES;
				SWIFT_VERSION = 6.0;
				VALIDATE_PRODUCT = YES;
			};
			name = Release;
		};
		C93DA12F58F5072763C99728 /* Debug configuration for PBXProject "HealthVaults" */ = {
			isa = XCBuildConfiguration;
			buildSettings = {
				ALWAYS_SEARCH_USER_PATHS = NO;
				ASSETCATALOG_COMPILER_APPICON_NAME = AppIcon;
				ASSETCATALOG_COMPILER_GENERATE_SWIFT_ASSET_SYMBOL_EXTENSIONS = YES;
				ASSETCATALOG_COMPILER_GLOBAL_ACCENT_COLOR_NAME = Accent;
				ASSETCATALOG_COMPILER_INCLUDE_ALL_APPICON_ASSETS = YES;
				ASSETCATALOG_COMPILER_WIDGET_BACKGROUND_COLOR_NAME = WidgetBackground;
				CLANG_ANALYZER_NONNULL = YES;
				CLANG_ANALYZER_NUMBER_OBJECT_CONVERSION = YES_AGGRESSIVE;
				CLANG_CXX_LANGUAGE_STANDARD = "c++20";
				CLANG_ENABLE_MODULES = YES;
				CLANG_ENABLE_OBJC_ARC = YES;
				CLANG_ENABLE_OBJC_WEAK = YES;
				CLANG_WARN_BLOCK_CAPTURE_AUTORELEASING = YES;
				CLANG_WARN_BOOL_CONVERSION = YES;
				CLANG_WARN_COMMA = YES;
				CLANG_WARN_CONSTANT_CONVERSION = YES;
				CLANG_WARN_DEPRECATED_OBJC_IMPLEMENTATIONS = YES;
				CLANG_WARN_DIRECT_OBJC_ISA_USAGE = YES_ERROR;
				CLANG_WARN_DOCUMENTATION_COMMENTS = YES;
				CLANG_WARN_EMPTY_BODY = YES;
				CLANG_WARN_ENUM_CONVERSION = YES;
				CLANG_WARN_INFINITE_RECURSION = YES;
				CLANG_WARN_INT_CONVERSION = YES;
				CLANG_WARN_NON_LITERAL_NULL_CONVERSION = YES;
				CLANG_WARN_OBJC_IMPLICIT_RETAIN_SELF = YES;
				CLANG_WARN_OBJC_LITERAL_CONVERSION = YES;
				CLANG_WARN_OBJC_ROOT_CLASS = YES_ERROR;
				CLANG_WARN_QUOTED_INCLUDE_IN_FRAMEWORK_HEADER = YES;
				CLANG_WARN_RANGE_LOOP_ANALYSIS = YES;
				CLANG_WARN_STRICT_PROTOTYPES = YES;
				CLANG_WARN_SUSPICIOUS_MOVE = YES;
				CLANG_WARN_UNGUARDED_AVAILABILITY = YES_AGGRESSIVE;
				CLANG_WARN_UNREACHABLE_CODE = YES;
				CLANG_WARN__DUPLICATE_METHOD_MATCH = YES;
				COPY_PHASE_STRIP = NO;
				CURRENT_PROJECT_VERSION = 2;
				DEAD_CODE_STRIPPING = YES;
				DEBUG_INFORMATION_FORMAT = dwarf;
				DEVELOPMENT_TEAM = B67CHZC3GP;
				ENABLE_PREVIEWS = YES;
				ENABLE_STRICT_OBJC_MSGSEND = YES;
				ENABLE_TESTABILITY = YES;
				ENABLE_USER_SCRIPT_SANDBOXING = YES;
				GCC_C_LANGUAGE_STANDARD = gnu17;
				GCC_DYNAMIC_NO_PIC = NO;
				GCC_NO_COMMON_BLOCKS = YES;
				GCC_OPTIMIZATION_LEVEL = 0;
				GCC_PREPROCESSOR_DEFINITIONS = (
					"$(inherited)",
					"DEBUG=1",
				);
				GCC_WARN_64_TO_32_BIT_CONVERSION = YES;
				GCC_WARN_ABOUT_RETURN_TYPE = YES_ERROR;
				GCC_WARN_UNDECLARED_SELECTOR = YES;
				GCC_WARN_UNINITIALIZED_AUTOS = YES_AGGRESSIVE;
				GCC_WARN_UNUSED_FUNCTION = YES;
				GCC_WARN_UNUSED_VARIABLE = YES;
				GENERATE_INFOPLIST_FILE = YES;
				INFOPLIST_KEY_LSApplicationCategoryType = "public.app-category.healthcare-fitness";
				IPHONEOS_DEPLOYMENT_TARGET = 26.0;
				LOCALIZATION_PREFERS_STRING_CATALOGS = YES;
				MARKETING_VERSION = 1.2;
				MTL_ENABLE_DEBUG_INFO = INCLUDE_SOURCE;
				MTL_FAST_MATH = YES;
				ONLY_ACTIVE_ARCH = YES;
				SDKROOT = iphoneos;
				STRING_CATALOG_GENERATE_SYMBOLS = YES;
				SWIFT_ACTIVE_COMPILATION_CONDITIONS = DEBUG;
				SWIFT_EMIT_LOC_STRINGS = YES;
				SWIFT_OPTIMIZATION_LEVEL = "-Onone";
				SWIFT_VERSION = 6.0;
			};
			name = Debug;
		};
		DBEA588AD83A663DC0B4BE95 /* Release configuration for PBXNativeTarget "HealthVaults" */ = {
			isa = XCBuildConfiguration;
			buildSettings = {
				CODE_SIGN_ENTITLEMENTS = HealthVaults.xcodeproj/App.entitlements;
				CURRENT_PROJECT_VERSION = 2;
				ENABLE_PREVIEWS = "";
				INFOPLIST_FILE = HealthVaults.xcodeproj/AppInfo.plist;
				INFOPLIST_KEY_CFBundleDisplayName = HealthVaults;
				INFOPLIST_KEY_NSHealthClinicalHealthRecordsShareUsageDescription = "Enable the app to read health data from other apps using Apple Health.";
				INFOPLIST_KEY_NSHealthShareUsageDescription = "Enable the app to share its data with other apps using Apple Health.";
				INFOPLIST_KEY_NSHealthUpdateUsageDescription = "Enable the app to update health data created by the app in Apple Health.\n";
				INFOPLIST_KEY_UIApplicationSceneManifest_Generation = YES;
				INFOPLIST_KEY_UIApplicationSupportsIndirectInputEvents = YES;
				INFOPLIST_KEY_UISupportedInterfaceOrientations = "UIInterfaceOrientationPortrait UIInterfaceOrientationPortraitUpsideDown";
				INFOPLIST_KEY_UISupportedInterfaceOrientations_iPad = "UIInterfaceOrientationLandscapeLeft UIInterfaceOrientationLandscapeRight UIInterfaceOrientationPortrait UIInterfaceOrientationPortraitUpsideDown";
				LD_RUNPATH_SEARCH_PATHS = (
					"$(inherited)",
					"@executable_path/Frameworks",
				);
				MARKETING_VERSION = 1.2;
				PRODUCT_BUNDLE_IDENTIFIER = com.MohdFareed.HealthVaults;
				PRODUCT_NAME = HealthVaults;
				SUPPORTED_PLATFORMS = "iphoneos iphonesimulator";
				SUPPORTS_MACCATALYST = NO;
				SUPPORTS_MAC_DESIGNED_FOR_IPHONE_IPAD = NO;
				SUPPORTS_XR_DESIGNED_FOR_IPHONE_IPAD = NO;
				TARGETED_DEVICE_FAMILY = "1,2";
			};
			name = Release;
		};
		EA75B97BE52E905FB580AA81 /* Debug configuration for PBXNativeTarget "HealthVaults" */ = {
			isa = XCBuildConfiguration;
			buildSettings = {
				CODE_SIGN_ENTITLEMENTS = HealthVaults.xcodeproj/App.entitlements;
				CURRENT_PROJECT_VERSION = 2;
				ENABLE_PREVIEWS = "";
				INFOPLIST_FILE = HealthVaults.xcodeproj/AppInfo.plist;
				INFOPLIST_KEY_CFBundleDisplayName = HealthVaults;
				INFOPLIST_KEY_NSHealthClinicalHealthRecordsShareUsageDescription = "Enable the app to read health data from other apps using Apple Health.";
				INFOPLIST_KEY_NSHealthShareUsageDescription = "Enable the app to share its data with other apps using Apple Health.";
				INFOPLIST_KEY_NSHealthUpdateUsageDescription = "Enable the app to update health data created by the app in Apple Health.\n";
				INFOPLIST_KEY_UIApplicationSceneManifest_Generation = YES;
				INFOPLIST_KEY_UIApplicationSupportsIndirectInputEvents = YES;
				INFOPLIST_KEY_UISupportedInterfaceOrientations = "UIInterfaceOrientationPortrait UIInterfaceOrientationPortraitUpsideDown";
				INFOPLIST_KEY_UISupportedInterfaceOrientations_iPad = "UIInterfaceOrientationLandscapeLeft UIInterfaceOrientationLandscapeRight UIInterfaceOrientationPortrait UIInterfaceOrientationPortraitUpsideDown";
				LD_RUNPATH_SEARCH_PATHS = (
					"$(inherited)",
					"@executable_path/Frameworks",
				);
				MARKETING_VERSION = 1.2;
				PRODUCT_BUNDLE_IDENTIFIER = com.MohdFareed.HealthVaults;
				PRODUCT_NAME = HealthVaults;
				SUPPORTED_PLATFORMS = "iphoneos iphonesimulator";
				SUPPORTS_MACCATALYST = NO;
				SUPPORTS_MAC_DESIGNED_FOR_IPHONE_IPAD = NO;
				SUPPORTS_XR_DESIGNED_FOR_IPHONE_IPAD = NO;
				TARGETED_DEVICE_FAMILY = "1,2";
			};
			name = Debug;
		};
/* End XCBuildConfiguration section */

/* Begin XCConfigurationList section */
		00F445702E0633F1006965F0 /* Build configuration list for PBXNativeTarget "WidgetsExtension" */ = {
			isa = XCConfigurationList;
			buildConfigurations = (
				00F445712E0633F1006965F0 /* Debug configuration for PBXNativeTarget "WidgetsExtension" */,
				00F445722E0633F1006965F0 /* Release configuration for PBXNativeTarget "WidgetsExtension" */,
			);
			defaultConfigurationName = Release;
		};
		5AA6211D2EF68453E1C8A500 /* Build configuration list for PBXProject "HealthVaults" */ = {
			isa = XCConfigurationList;
			buildConfigurations = (
				C93DA12F58F5072763C99728 /* Debug configuration for PBXProject "HealthVaults" */,
				4C8FA003AB13B2A364E92AF2 /* Release configuration for PBXProject "HealthVaults" */,
			);
			defaultConfigurationName = Release;
		};
		E64043FA51E8E4C1BD7B05E5 /* Build configuration list for PBXNativeTarget "HealthVaults" */ = {
			isa = XCConfigurationList;
			buildConfigurations = (
				EA75B97BE52E905FB580AA81 /* Debug configuration for PBXNativeTarget "HealthVaults" */,
				DBEA588AD83A663DC0B4BE95 /* Release configuration for PBXNativeTarget "HealthVaults" */,
			);
			defaultConfigurationName = Release;
		};
/* End XCConfigurationList section */

/* Begin XCLocalSwiftPackageReference section */
		007EB1692E074B2800002170 /* XCLocalSwiftPackageReference "../health-vaults" */ = {
			isa = XCLocalSwiftPackageReference;
			relativePath = "../health-vaults";
		};
/* End XCLocalSwiftPackageReference section */

/* Begin XCSwiftPackageProductDependency section */
		007EB16A2E074B3300002170 /* HealthVaultsShared */ = {
			isa = XCSwiftPackageProductDependency;
			package = 007EB1692E074B2800002170 /* XCLocalSwiftPackageReference "../health-vaults" */;
			productName = HealthVaultsShared;
		};
		007EB16C2E074B3800002170 /* HealthVaultsShared */ = {
			isa = XCSwiftPackageProductDependency;
			package = 007EB1692E074B2800002170 /* XCLocalSwiftPackageReference "../health-vaults" */;
			productName = HealthVaultsShared;
		};
		007EB16E2E074B4000002170 /* HealthVaultsShared */ = {
			isa = XCSwiftPackageProductDependency;
			package = 007EB1692E074B2800002170 /* XCLocalSwiftPackageReference "../health-vaults" */;
			productName = HealthVaultsShared;
		};
		007EB1702E074B4600002170 /* HealthVaultsShared */ = {
			isa = XCSwiftPackageProductDependency;
			package = 007EB1692E074B2800002170 /* XCLocalSwiftPackageReference "../health-vaults" */;
			productName = HealthVaultsShared;
		};
/* End XCSwiftPackageProductDependency section */
	};
	rootObject = B8E4B4E8F12D5C40114FEED0 /* Project object */;
}
